
Microsoft Visual Studio Solution File, Format Version 11.00
# Visual C# Express 2010
Project("{FAE04EC0-301F-11D3-BF4B-00C04F79EFBC}") = "TortoiseMantis", "TortoiseMantis.csproj", "{0623B74C-F81A-4EE8-A092-A468D9BD34FD}"
	ProjectSection(ProjectDependencies) = postProject
		{09193635-8436-4E15-8463-C71FDB84E55D} = {09193635-8436-4E15-8463-C71FDB84E55D}
	EndProjectSection
EndProject
Project("{FAE04EC0-301F-11D3-BF4B-00C04F79EFBC}") = "Interop.BugTraqProvider", "inc\Interop.BugTraqProvider\Interop.BugTraqProvider.csproj", "{09193635-8436-4E15-8463-C71FDB84E55D}"
EndProject
Project("{FAE04EC0-301F-11D3-BF4B-00C04F79EFBC}") = "test", "test\test.csproj", "{FF32CD5F-BB79-4618-B278-A4D594834515}"
EndProject
Global
	GlobalSection(SolutionConfigurationPlatforms) = preSolution
		Debug|Any CPU = Debug|Any CPU
		Debug|Mixed Platforms = Debug|Mixed Platforms
		Debug|x86 = Debug|x86
		Release|Any CPU = Release|Any CPU
		Release|Mixed Platforms = Release|Mixed Platforms
		Release|x86 = Release|x86
	EndGlobalSection
	GlobalSection(ProjectConfigurationPlatforms) = postSolution
		{0623B74C-F81A-4EE8-A092-A468D9BD34FD}.Debug|Any CPU.ActiveCfg = Debug|Any CPU
		{0623B74C-F81A-4EE8-A092-A468D9BD34FD}.Debug|Any CPU.Build.0 = Debug|Any CPU
		{0623B74C-F81A-4EE8-A092-A468D9BD34FD}.Debug|Mixed Platforms.ActiveCfg = Debug|Any CPU
		{0623B74C-F81A-4EE8-A092-A468D9BD34FD}.Debug|Mixed Platforms.Build.0 = Debug|Any CPU
		{0623B74C-F81A-4EE8-A092-A468D9BD34FD}.Debug|x86.ActiveCfg = Debug|Any CPU
		{0623B74C-F81A-4EE8-A092-A468D9BD34FD}.Release|Any CPU.ActiveCfg = Release|Any CPU
		{0623B74C-F81A-4EE8-A092-A468D9BD34FD}.Release|Any CPU.Build.0 = Release|Any CPU
		{0623B74C-F81A-4EE8-A092-A468D9BD34FD}.Release|Mixed Platforms.ActiveCfg = Release|Any CPU
		{0623B74C-F81A-4EE8-A092-A468D9BD34FD}.Release|Mixed Platforms.Build.0 = Release|Any CPU
		{0623B74C-F81A-4EE8-A092-A468D9BD34FD}.Release|x86.ActiveCfg = Release|Any CPU
		{09193635-8436-4E15-8463-C71FDB84E55D}.Debug|Any CPU.ActiveCfg = Debug|Any CPU
		{09193635-8436-4E15-8463-C71FDB84E55D}.Debug|Any CPU.Build.0 = Debug|Any CPU
		{09193635-8436-4E15-8463-C71FDB84E55D}.Debug|Mixed Platforms.ActiveCfg = Debug|Any CPU
		{09193635-8436-4E15-8463-C71FDB84E55D}.Debug|Mixed Platforms.Build.0 = Debug|Any CPU
		{09193635-8436-4E15-8463-C71FDB84E55D}.Debug|x86.ActiveCfg = Debug|Any CPU
		{09193635-8436-4E15-8463-C71FDB84E55D}.Release|Any CPU.ActiveCfg = Release|Any CPU
		{09193635-8436-4E15-8463-C71FDB84E55D}.Release|Any CPU.Build.0 = Release|Any CPU
		{09193635-8436-4E15-8463-C71FDB84E55D}.Release|Mixed Platforms.ActiveCfg = Release|Any CPU
		{09193635-8436-4E15-8463-C71FDB84E55D}.Release|Mixed Platforms.Build.0 = Release|Any CPU
		{09193635-8436-4E15-8463-C71FDB84E55D}.Release|x86.ActiveCfg = Release|Any CPU
		{FF32CD5F-BB79-4618-B278-A4D594834515}.Debug|Any CPU.ActiveCfg = Debug|x86
		{FF32CD5F-BB79-4618-B278-A4D594834515}.Debug|Mixed Platforms.ActiveCfg = Debug|x86
		{FF32CD5F-BB79-4618-B278-A4D594834515}.Debug|Mixed Platforms.Build.0 = Debug|x86
		{FF32CD5F-BB79-4618-B278-A4D594834515}.Debug|x86.ActiveCfg = Debug|x86
		{FF32CD5F-BB79-4618-B278-A4D594834515}.Debug|x86.Build.0 = Debug|x86
		{FF32CD5F-BB79-4618-B278-A4D594834515}.Release|Any CPU.ActiveCfg = Release|x86
		{FF32CD5F-BB79-4618-B278-A4D594834515}.Release|Mixed Platforms.ActiveCfg = Release|x86
		{FF32CD5F-BB79-4618-B278-A4D594834515}.Release|Mixed Platforms.Build.0 = Release|x86
		{FF32CD5F-BB79-4618-B278-A4D594834515}.Release|x86.ActiveCfg = Release|x86
		{FF32CD5F-BB79-4618-B278-A4D594834515}.Release|x86.Build.0 = Release|x86
	EndGlobalSection
	GlobalSection(SolutionProperties) = preSolution
		HideSolutionNode = FALSE
	EndGlobalSection
EndGlobal
